
Microsoft Visual Studio Solution File, Format Version 12.00
# Visual Studio 2012
Project("{FAE04EC0-301F-11D3-BF4B-00C04F79EFBC}") = "Server", "Server\Server.csproj", "{18ED8979-F731-48E8-87B6-DC854D30F924}"
EndProject
Project("{FAE04EC0-301F-11D3-BF4B-00C04F79EFBC}") = "Client", "Client\Client.csproj", "{0BF3BA8B-FAB8-4D25-90C9-A1E875458479}"
EndProject
Project("{FAE04EC0-301F-11D3-BF4B-00C04F79EFBC}") = "Shared", "Shared\Shared.csproj", "{D0DB3720-D270-4DB0-90F8-1138E2242852}"
EndProject
Global
	GlobalSection(SolutionConfigurationPlatforms) = preSolution
		Debug|Any CPU = Debug|Any CPU
		Release|Any CPU = Release|Any CPU
	EndGlobalSection
	GlobalSection(ProjectConfigurationPlatforms) = postSolution
		{18ED8979-F731-48E8-87B6-DC854D30F924}.Debug|Any CPU.ActiveCfg = Debug|Any CPU
		{18ED8979-F731-48E8-87B6-DC854D30F924}.Debug|Any CPU.Build.0 = Debug|Any CPU
		{18ED8979-F731-48E8-87B6-DC854D30F924}.Release|Any CPU.ActiveCfg = Release|Any CPU
		{18ED8979-F731-48E8-87B6-DC854D30F924}.Release|Any CPU.Build.0 = Release|Any CPU
		{0BF3BA8B-FAB8-4D25-90C9-A1E875458479}.Debug|Any CPU.ActiveCfg = Debug|Any CPU
		{0BF3BA8B-FAB8-4D25-90C9-A1E875458479}.Debug|Any CPU.Build.0 = Debug|Any CPU
		{0BF3BA8B-FAB8-4D25-90C9-A1E875458479}.Release|Any CPU.ActiveCfg = Release|Any CPU
		{0BF3BA8B-FAB8-4D25-90C9-A1E875458479}.Release|Any CPU.Build.0 = Release|Any CPU
		{D0DB3720-D270-4DB0-90F8-1138E2242852}.Debug|Any CPU.ActiveCfg = Debug|Any CPU
		{D0DB3720-D270-4DB0-90F8-1138E2242852}.Debug|Any CPU.Build.0 = Debug|Any CPU
		{D0DB3720-D270-4DB0-90F8-1138E2242852}.Release|Any CPU.ActiveCfg = Release|Any CPU
		{D0DB3720-D270-4DB0-90F8-1138E2242852}.Release|Any CPU.Build.0 = Release|Any CPU
	EndGlobalSection
	GlobalSection(SolutionProperties) = preSolution
		HideSolutionNode = FALSE
	EndGlobalSection
EndGlobal
